# THIS IS AN AUTOGENERATED FILE. DO NOT EDIT THIS FILE DIRECTLY.
# yarn lockfile v1


accepts@^1.2.2:
  version "1.3.5"
  resolved "https://registry.npmjs.org/accepts/-/accepts-1.3.5.tgz"
  dependencies:
    mime-types "~2.1.18"
    negotiator "0.6.1"

ansi-regex@^2.0.0:
  version "2.1.1"
  resolved "https://registry.npmjs.org/ansi-regex/-/ansi-regex-2.1.1.tgz"

ansi-styles@^2.2.1:
  version "2.2.1"
  resolved "https://registry.npmjs.org/ansi-styles/-/ansi-styles-2.2.1.tgz"

ansicolors@~0.2.1:
  version "0.2.1"
  resolved "https://registry.npmjs.org/ansicolors/-/ansicolors-0.2.1.tgz"

any-promise@^1.1.0:
  version "1.3.0"
  resolved "https://registry.npmjs.org/any-promise/-/any-promise-1.3.0.tgz"

array-find-index@^1.0.1:
  version "1.0.2"
  resolved "https://registry.npmjs.org/array-find-index/-/array-find-index-1.0.2.tgz"

async-limiter@~1.0.0:
  version "1.0.0"
  resolved "https://registry.npmjs.org/async-limiter/-/async-limiter-1.0.0.tgz"

asynckit@^0.4.0:
  version "0.4.0"
  resolved "https://registry.npmjs.org/asynckit/-/asynckit-0.4.0.tgz"

balanced-match@^1.0.0:
  version "1.0.0"
  resolved "https://registry.npmjs.org/balanced-match/-/balanced-match-1.0.0.tgz"

book@1.3.3:
  version "1.3.3"
  resolved "https://registry.npmjs.org/book/-/book-1.3.3.tgz"
  dependencies:
    error-stack-parser "1.3.6"

brace-expansion@^1.1.7:
  version "1.1.11"
  resolved "https://registry.npmjs.org/brace-expansion/-/brace-expansion-1.1.11.tgz"
  dependencies:
    balanced-match "^1.0.0"
    concat-map "0.0.1"

browser-stdout@1.3.1:
  version "1.3.1"
  resolved "https://registry.npmjs.org/browser-stdout/-/browser-stdout-1.3.1.tgz"

builtin-modules@^1.0.0:
  version "1.1.1"
  resolved "https://registry.npmjs.org/builtin-modules/-/builtin-modules-1.1.1.tgz"

camelcase-keys@^2.0.0:
  version "2.1.0"
  resolved "https://registry.npmjs.org/camelcase-keys/-/camelcase-keys-2.1.0.tgz"
  dependencies:
    camelcase "^2.0.0"
    map-obj "^1.0.0"

camelcase@^2.0.0:
  version "2.1.1"
  resolved "https://registry.npmjs.org/camelcase/-/camelcase-2.1.1.tgz"

cardinal@^1.0.0:
  version "1.0.0"
  resolved "https://registry.npmjs.org/cardinal/-/cardinal-1.0.0.tgz"
  dependencies:
    ansicolors "~0.2.1"
    redeyed "~1.0.0"

chalk@^1.1.3:
  version "1.1.3"
  resolved "https://registry.npmjs.org/chalk/-/chalk-1.1.3.tgz"
  dependencies:
    ansi-styles "^2.2.1"
    escape-string-regexp "^1.0.2"
    has-ansi "^2.0.0"
    strip-ansi "^3.0.0"
    supports-color "^2.0.0"

cli-table@^0.3.1:
  version "0.3.1"
  resolved "https://registry.npmjs.org/cli-table/-/cli-table-0.3.1.tgz"
  dependencies:
    colors "1.0.3"

cli-usage@^0.1.1:
  version "0.1.7"
  resolved "https://registry.npmjs.org/cli-usage/-/cli-usage-0.1.7.tgz"
  dependencies:
    marked "^0.3.12"
    marked-terminal "^2.0.0"

co@^4.6.0:
  version "4.6.0"
  resolved "https://registry.npmjs.org/co/-/co-4.6.0.tgz"

colors@1.0.3:
  version "1.0.3"
  resolved "https://registry.npmjs.org/colors/-/colors-1.0.3.tgz"

combined-stream@1.0.6:
  version "1.0.6"
  resolved "https://registry.npmjs.org/combined-stream/-/combined-stream-1.0.6.tgz"
  dependencies:
    delayed-stream "~1.0.0"

commander@2.11.0:
  version "2.11.0"
  resolved "https://registry.npmjs.org/commander/-/commander-2.11.0.tgz"

commander@2.5.0:
  version "2.5.0"
  resolved "https://registry.npmjs.org/commander/-/commander-2.5.0.tgz"

component-emitter@^1.2.0:
  version "1.2.1"
  resolved "https://registry.npmjs.org/component-emitter/-/component-emitter-1.2.1.tgz"

concat-map@0.0.1:
  version "0.0.1"
  resolved "https://registry.npmjs.org/concat-map/-/concat-map-0.0.1.tgz"

content-disposition@~0.5.0:
  version "0.5.2"
  resolved "https://registry.npmjs.org/content-disposition/-/content-disposition-0.5.2.tgz"

content-type@^1.0.0:
  version "1.0.4"
  resolved "https://registry.npmjs.org/content-type/-/content-type-1.0.4.tgz"

cookiejar@^2.1.0:
  version "2.1.1"
  resolved "https://registry.npmjs.org/cookiejar/-/cookiejar-2.1.1.tgz"

cookies@~0.7.0:
  version "0.7.1"
  resolved "https://registry.npmjs.org/cookies/-/cookies-0.7.1.tgz"
  dependencies:
    depd "~1.1.1"
    keygrip "~1.0.2"

core-util-is@1.0.3, core-util-is@~1.0.0:
  version "1.0.3"
  resolved "https://registry.npmjs.org/core-util-is/-/core-util-is-1.0.3.tgz"
  integrity sha512-ZQBvi1DcpJ4GDqanjucZ2Hj3wEO5pZDS89BWbkcrvdxksJorwUDDZamX9ldFkp9aw2lmBDLgkObEA4DWNJ9FYQ==

currently-unhandled@^0.4.1:
  version "0.4.1"
  resolved "https://registry.npmjs.org/currently-unhandled/-/currently-unhandled-0.4.1.tgz"
  dependencies:
    array-find-index "^1.0.1"

dateformat@~1.0.4-1.2.3:
  version "1.0.12"
  resolved "https://registry.npmjs.org/dateformat/-/dateformat-1.0.12.tgz"
  dependencies:
    get-stdin "^4.0.1"
    meow "^3.3.0"

debounce@^1.0.0:
  version "1.1.0"
  resolved "https://registry.npmjs.org/debounce/-/debounce-1.1.0.tgz"

debug@*, debug@3.1.0, debug@^3.1.0:
  version "3.1.0"
  resolved "https://registry.npmjs.org/debug/-/debug-3.1.0.tgz"
  dependencies:
    ms "2.0.0"

decamelize@^1.1.2:
  version "1.2.0"
  resolved "https://registry.npmjs.org/decamelize/-/decamelize-1.2.0.tgz"

deep-equal@~1.0.1:
  version "1.0.1"
  resolved "https://registry.npmjs.org/deep-equal/-/deep-equal-1.0.1.tgz"

delayed-stream@~1.0.0:
  version "1.0.0"
  resolved "https://registry.npmjs.org/delayed-stream/-/delayed-stream-1.0.0.tgz"

delegates@^1.0.0:
  version "1.0.0"
  resolved "https://registry.npmjs.org/delegates/-/delegates-1.0.0.tgz"

depd@^1.1.0, depd@~1.1.1, depd@~1.1.2:
  version "1.1.2"
  resolved "https://registry.npmjs.org/depd/-/depd-1.1.2.tgz"

destroy@^1.0.3:
  version "1.0.4"
  resolved "https://registry.npmjs.org/destroy/-/destroy-1.0.4.tgz"

diff@3.5.0:
  version "3.5.0"
  resolved "https://registry.npmjs.org/diff/-/diff-3.5.0.tgz"

dynamic-dedupe@^0.2.0:
  version "0.2.0"
  resolved "https://registry.npmjs.org/dynamic-dedupe/-/dynamic-dedupe-0.2.0.tgz"
  dependencies:
    xtend "~2.0.6"

ee-first@1.1.1:
  version "1.1.1"
  resolved "https://registry.npmjs.org/ee-first/-/ee-first-1.1.1.tgz"

end-of-stream@^1.1.0:
  version "1.4.1"
  resolved "https://registry.npmjs.org/end-of-stream/-/end-of-stream-1.4.1.tgz"
  dependencies:
    once "^1.4.0"

error-ex@^1.2.0:
  version "1.3.1"
  resolved "https://registry.npmjs.org/error-ex/-/error-ex-1.3.1.tgz"
  dependencies:
    is-arrayish "^0.2.1"

error-inject@~1.0.0:
  version "1.0.0"
  resolved "https://registry.npmjs.org/error-inject/-/error-inject-1.0.0.tgz"

error-stack-parser@1.3.6:
  version "1.3.6"
  resolved "https://registry.npmjs.org/error-stack-parser/-/error-stack-parser-1.3.6.tgz"
  dependencies:
    stackframe "^0.3.1"

escape-html@~1.0.1:
  version "1.0.3"
  resolved "https://registry.npmjs.org/escape-html/-/escape-html-1.0.3.tgz"

escape-string-regexp@1.0.5, escape-string-regexp@^1.0.2:
  version "1.0.5"
  resolved "https://registry.npmjs.org/escape-string-regexp/-/escape-string-regexp-1.0.5.tgz"

esm@3.0.34:
  version "3.0.34"
  resolved "https://registry.npmjs.org/esm/-/esm-3.0.34.tgz"

esprima@~3.0.0:
  version "3.0.0"
  resolved "https://registry.npmjs.org/esprima/-/esprima-3.0.0.tgz"

extend@^3.0.0:
  version "3.0.1"
  resolved "https://registry.npmjs.org/extend/-/extend-3.0.1.tgz"

filewatcher@~3.0.0:
  version "3.0.1"
  resolved "https://registry.npmjs.org/filewatcher/-/filewatcher-3.0.1.tgz"
  dependencies:
    debounce "^1.0.0"

find-up@^1.0.0:
  version "1.1.2"
  resolved "https://registry.npmjs.org/find-up/-/find-up-1.1.2.tgz"
  dependencies:
    path-exists "^2.0.0"
    pinkie-promise "^2.0.0"

foreach@~2.0.1:
  version "2.0.5"
  resolved "https://registry.npmjs.org/foreach/-/foreach-2.0.5.tgz"

form-data@^2.3.1:
  version "2.3.2"
  resolved "https://registry.npmjs.org/form-data/-/form-data-2.3.2.tgz"
  dependencies:
    asynckit "^0.4.0"
    combined-stream "1.0.6"
    mime-types "^2.1.12"

formidable@^1.1.1:
  version "1.2.1"
  resolved "https://registry.npmjs.org/formidable/-/formidable-1.2.1.tgz"

fresh@^0.5.2:
  version "0.5.2"
  resolved "https://registry.npmjs.org/fresh/-/fresh-0.5.2.tgz"

fs.realpath@^1.0.0:
  version "1.0.0"
  resolved "https://registry.npmjs.org/fs.realpath/-/fs.realpath-1.0.0.tgz"

get-stdin@^4.0.1:
  version "4.0.1"
  resolved "https://registry.npmjs.org/get-stdin/-/get-stdin-4.0.1.tgz"

glob@7.1.2:
  version "7.1.2"
  resolved "https://registry.npmjs.org/glob/-/glob-7.1.2.tgz"
  dependencies:
    fs.realpath "^1.0.0"
    inflight "^1.0.4"
    inherits "2"
    minimatch "^3.0.4"
    once "^1.3.0"
    path-is-absolute "^1.0.0"

graceful-fs@^4.1.2:
  version "4.1.11"
  resolved "https://registry.npmjs.org/graceful-fs/-/graceful-fs-4.1.11.tgz"

growl@1.10.3:
  version "1.10.3"
  resolved "https://registry.npmjs.org/growl/-/growl-1.10.3.tgz"

growly@^1.2.0:
  version "1.3.0"
  resolved "https://registry.npmjs.org/growly/-/growly-1.3.0.tgz"

has-ansi@^2.0.0:
  version "2.0.0"
  resolved "https://registry.npmjs.org/has-ansi/-/has-ansi-2.0.0.tgz"
  dependencies:
    ansi-regex "^2.0.0"

has-flag@^2.0.0:
  version "2.0.0"
  resolved "https://registry.npmjs.org/has-flag/-/has-flag-2.0.0.tgz"

he@1.1.1:
  version "1.1.1"
  resolved "https://registry.npmjs.org/he/-/he-1.1.1.tgz"

hosted-git-info@^2.1.4:
  version "2.6.0"
  resolved "https://registry.npmjs.org/hosted-git-info/-/hosted-git-info-2.6.0.tgz"

http-assert@^1.1.0:
  version "1.3.0"
  resolved "https://registry.npmjs.org/http-assert/-/http-assert-1.3.0.tgz"
  dependencies:
    deep-equal "~1.0.1"
    http-errors "~1.6.1"

http-errors@^1.2.8, http-errors@^1.3.1, http-errors@~1.6.1:
  version "1.6.3"
  resolved "https://registry.npmjs.org/http-errors/-/http-errors-1.6.3.tgz"
  dependencies:
    depd "~1.1.2"
    inherits "2.0.3"
    setprototypeof "1.1.0"
    statuses ">= 1.4.0 < 2"

human-id@3.0.0:
  version "3.0.0"
  resolved "https://registry.yarnpkg.com/human-id/-/human-id-3.0.0.tgz#018957533b9f19bedcc48fe77980874884f4b301"
  integrity sha512-smROKWOQI3rjjR44o5m9Bk2ds5YVTxfeL/rmp28fwOQyNhfQH13KMZ/jUErceC2fBuiQeOrWenopUN8hsBGZtQ==

human-readable-ids@1.0.3:
  version "1.0.3"
  resolved "https://registry.npmjs.org/human-readable-ids/-/human-readable-ids-1.0.3.tgz"
  dependencies:
    knuth-shuffle "^1.0.0"

indent-string@^2.1.0:
  version "2.1.0"
  resolved "https://registry.npmjs.org/indent-string/-/indent-string-2.1.0.tgz"
  dependencies:
    repeating "^2.0.0"

indexof@~0.0.1:
  version "0.0.1"
  resolved "https://registry.npmjs.org/indexof/-/indexof-0.0.1.tgz"

inflight@^1.0.4:
  version "1.0.6"
  resolved "https://registry.npmjs.org/inflight/-/inflight-1.0.6.tgz"
  dependencies:
    once "^1.3.0"
    wrappy "1"

inherits@2, inherits@2.0.3, inherits@~2.0.3:
  version "2.0.3"
  resolved "https://registry.npmjs.org/inherits/-/inherits-2.0.3.tgz"

ipaddr.js@2.0.1:
  version "2.0.1"
  resolved "https://registry.npmjs.org/ipaddr.js/-/ipaddr.js-2.0.1.tgz"
  integrity sha512-1qTgH9NG+IIJ4yfKs2e6Pp1bZg8wbDbKHT21HrLIeYBTRLgMYKnMTPAuI3Lcs61nfx5h1xlXnbJtH1kX5/d/ng==

is-arrayish@^0.2.1:
  version "0.2.1"
  resolved "https://registry.npmjs.org/is-arrayish/-/is-arrayish-0.2.1.tgz"

is-builtin-module@^1.0.0:
  version "1.0.0"
  resolved "https://registry.npmjs.org/is-builtin-module/-/is-builtin-module-1.0.0.tgz"
  dependencies:
    builtin-modules "^1.0.0"

is-finite@^1.0.0:
  version "1.0.2"
  resolved "https://registry.npmjs.org/is-finite/-/is-finite-1.0.2.tgz"
  dependencies:
    number-is-nan "^1.0.0"

is-generator-function@^1.0.3:
  version "1.0.7"
  resolved "https://registry.npmjs.org/is-generator-function/-/is-generator-function-1.0.7.tgz"

is-object@~0.1.2:
  version "0.1.2"
  resolved "https://registry.npmjs.org/is-object/-/is-object-0.1.2.tgz"

is-utf8@^0.2.0:
  version "0.2.1"
  resolved "https://registry.npmjs.org/is-utf8/-/is-utf8-0.2.1.tgz"

is@~0.2.6:
  version "0.2.7"
  resolved "https://registry.npmjs.org/is/-/is-0.2.7.tgz"

isarray@0.0.1:
  version "0.0.1"
  resolved "https://registry.npmjs.org/isarray/-/isarray-0.0.1.tgz"

isarray@~1.0.0:
  version "1.0.0"
  resolved "https://registry.npmjs.org/isarray/-/isarray-1.0.0.tgz"

isexe@^2.0.0:
  version "2.0.0"
  resolved "https://registry.npmjs.org/isexe/-/isexe-2.0.0.tgz"

keygrip@~1.0.2:
  version "1.0.2"
  resolved "https://registry.npmjs.org/keygrip/-/keygrip-1.0.2.tgz"

knuth-shuffle@^1.0.0:
  version "1.0.8"
  resolved "https://registry.npmjs.org/knuth-shuffle/-/knuth-shuffle-1.0.8.tgz"

koa-compose@^3.0.0:
  version "3.2.1"
  resolved "https://registry.npmjs.org/koa-compose/-/koa-compose-3.2.1.tgz"
  dependencies:
    any-promise "^1.1.0"

koa-compose@^4.0.0:
  version "4.0.0"
  resolved "https://registry.npmjs.org/koa-compose/-/koa-compose-4.0.0.tgz"

koa-convert@^1.2.0:
  version "1.2.0"
  resolved "https://registry.npmjs.org/koa-convert/-/koa-convert-1.2.0.tgz"
  dependencies:
    co "^4.6.0"
    koa-compose "^3.0.0"

koa-is-json@^1.0.0:
  version "1.0.0"
  resolved "https://registry.npmjs.org/koa-is-json/-/koa-is-json-1.0.0.tgz"

koa-router@7.4.0:
  version "7.4.0"
  resolved "https://registry.npmjs.org/koa-router/-/koa-router-7.4.0.tgz"
  dependencies:
    debug "^3.1.0"
    http-errors "^1.3.1"
    koa-compose "^3.0.0"
    methods "^1.0.1"
    path-to-regexp "^1.1.1"
    urijs "^1.19.0"

koa@2.5.1:
  version "2.5.1"
  resolved "https://registry.npmjs.org/koa/-/koa-2.5.1.tgz"
  dependencies:
    accepts "^1.2.2"
    content-disposition "~0.5.0"
    content-type "^1.0.0"
    cookies "~0.7.0"
    debug "*"
    delegates "^1.0.0"
    depd "^1.1.0"
    destroy "^1.0.3"
    error-inject "~1.0.0"
    escape-html "~1.0.1"
    fresh "^0.5.2"
    http-assert "^1.1.0"
    http-errors "^1.2.8"
    is-generator-function "^1.0.3"
    koa-compose "^4.0.0"
    koa-convert "^1.2.0"
    koa-is-json "^1.0.0"
    mime-types "^2.0.7"
    on-finished "^2.1.0"
    only "0.0.2"
    parseurl "^1.3.0"
    statuses "^1.2.0"
    type-is "^1.5.5"
    vary "^1.0.0"

load-json-file@^1.0.0:
  version "1.1.0"
  resolved "https://registry.npmjs.org/load-json-file/-/load-json-file-1.1.0.tgz"
  dependencies:
    graceful-fs "^4.1.2"
    parse-json "^2.2.0"
    pify "^2.0.0"
    pinkie-promise "^2.0.0"
    strip-bom "^2.0.0"

localenv@0.2.2:
  version "0.2.2"
  resolved "https://registry.npmjs.org/localenv/-/localenv-0.2.2.tgz"
  dependencies:
    commander "2.5.0"

lodash._arraycopy@^3.0.0:
  version "3.0.0"
  resolved "https://registry.npmjs.org/lodash._arraycopy/-/lodash._arraycopy-3.0.0.tgz"

lodash._arrayeach@^3.0.0:
  version "3.0.0"
  resolved "https://registry.npmjs.org/lodash._arrayeach/-/lodash._arrayeach-3.0.0.tgz"

lodash._baseassign@^3.0.0:
  version "3.2.0"
  resolved "https://registry.npmjs.org/lodash._baseassign/-/lodash._baseassign-3.2.0.tgz"
  dependencies:
    lodash._basecopy "^3.0.0"
    lodash.keys "^3.0.0"

lodash._baseclone@^3.0.0:
  version "3.3.0"
  resolved "https://registry.npmjs.org/lodash._baseclone/-/lodash._baseclone-3.3.0.tgz"
  dependencies:
    lodash._arraycopy "^3.0.0"
    lodash._arrayeach "^3.0.0"
    lodash._baseassign "^3.0.0"
    lodash._basefor "^3.0.0"
    lodash.isarray "^3.0.0"
    lodash.keys "^3.0.0"

lodash._basecopy@^3.0.0:
  version "3.0.1"
  resolved "https://registry.npmjs.org/lodash._basecopy/-/lodash._basecopy-3.0.1.tgz"

lodash._basefor@^3.0.0:
  version "3.0.3"
  resolved "https://registry.npmjs.org/lodash._basefor/-/lodash._basefor-3.0.3.tgz"

lodash._bindcallback@^3.0.0:
  version "3.0.1"
  resolved "https://registry.npmjs.org/lodash._bindcallback/-/lodash._bindcallback-3.0.1.tgz"

lodash._getnative@^3.0.0:
  version "3.9.1"
  resolved "https://registry.npmjs.org/lodash._getnative/-/lodash._getnative-3.9.1.tgz"

lodash.assign@^4.2.0:
  version "4.2.0"
  resolved "https://registry.npmjs.org/lodash.assign/-/lodash.assign-4.2.0.tgz"

lodash.clonedeep@^3.0.0:
  version "3.0.2"
  resolved "https://registry.npmjs.org/lodash.clonedeep/-/lodash.clonedeep-3.0.2.tgz"
  dependencies:
    lodash._baseclone "^3.0.0"
    lodash._bindcallback "^3.0.0"

lodash.isarguments@^3.0.0:
  version "3.1.0"
  resolved "https://registry.npmjs.org/lodash.isarguments/-/lodash.isarguments-3.1.0.tgz"

lodash.isarray@^3.0.0:
  version "3.0.4"
  resolved "https://registry.npmjs.org/lodash.isarray/-/lodash.isarray-3.0.4.tgz"

lodash.keys@^3.0.0:
  version "3.1.2"
  resolved "https://registry.npmjs.org/lodash.keys/-/lodash.keys-3.1.2.tgz"
  dependencies:
    lodash._getnative "^3.0.0"
    lodash.isarguments "^3.0.0"
    lodash.isarray "^3.0.0"

lodash.toarray@^4.4.0:
  version "4.4.0"
  resolved "https://registry.npmjs.org/lodash.toarray/-/lodash.toarray-4.4.0.tgz"

loud-rejection@^1.0.0:
  version "1.6.0"
  resolved "https://registry.npmjs.org/loud-rejection/-/loud-rejection-1.6.0.tgz"
  dependencies:
    currently-unhandled "^0.4.1"
    signal-exit "^3.0.0"

map-obj@^1.0.0, map-obj@^1.0.1:
  version "1.0.1"
  resolved "https://registry.npmjs.org/map-obj/-/map-obj-1.0.1.tgz"

marked-terminal@^2.0.0:
  version "2.0.0"
  resolved "https://registry.npmjs.org/marked-terminal/-/marked-terminal-2.0.0.tgz"
  dependencies:
    cardinal "^1.0.0"
    chalk "^1.1.3"
    cli-table "^0.3.1"
    lodash.assign "^4.2.0"
    node-emoji "^1.4.1"

marked@^0.3.12:
  version "0.3.19"
  resolved "https://registry.npmjs.org/marked/-/marked-0.3.19.tgz"

media-typer@0.3.0:
  version "0.3.0"
  resolved "https://registry.npmjs.org/media-typer/-/media-typer-0.3.0.tgz"

meow@^3.3.0:
  version "3.7.0"
  resolved "https://registry.npmjs.org/meow/-/meow-3.7.0.tgz"
  dependencies:
    camelcase-keys "^2.0.0"
    decamelize "^1.1.2"
    loud-rejection "^1.0.0"
    map-obj "^1.0.1"
    minimist "^1.1.3"
    normalize-package-data "^2.3.4"
    object-assign "^4.0.1"
    read-pkg-up "^1.0.1"
    redent "^1.0.0"
    trim-newlines "^1.0.0"

methods@^1.0.1, methods@^1.1.1, methods@~1.1.2:
  version "1.1.2"
  resolved "https://registry.npmjs.org/methods/-/methods-1.1.2.tgz"

mime-db@~1.33.0:
  version "1.33.0"
  resolved "https://registry.npmjs.org/mime-db/-/mime-db-1.33.0.tgz"

mime-types@^2.0.7, mime-types@^2.1.12, mime-types@~2.1.18:
  version "2.1.18"
  resolved "https://registry.npmjs.org/mime-types/-/mime-types-2.1.18.tgz"
  dependencies:
    mime-db "~1.33.0"

mime@^1.4.1:
  version "1.6.0"
  resolved "https://registry.npmjs.org/mime/-/mime-1.6.0.tgz"

minimatch@3.0.4, minimatch@^3.0.4:
  version "3.0.4"
  resolved "https://registry.npmjs.org/minimatch/-/minimatch-3.0.4.tgz"
  dependencies:
    brace-expansion "^1.1.7"

minimist@0.0.8:
  version "0.0.8"
  resolved "https://registry.npmjs.org/minimist/-/minimist-0.0.8.tgz"

minimist@^1.1.1, minimist@^1.1.3:
  version "1.2.0"
  resolved "https://registry.npmjs.org/minimist/-/minimist-1.2.0.tgz"

minimist@~0.0.1:
  version "0.0.10"
  resolved "https://registry.npmjs.org/minimist/-/minimist-0.0.10.tgz"

mkdirp@0.5.1:
  version "0.5.1"
  resolved "https://registry.npmjs.org/mkdirp/-/mkdirp-0.5.1.tgz"
  dependencies:
    minimist "0.0.8"

mocha@5.1.1:
  version "5.1.1"
  resolved "https://registry.npmjs.org/mocha/-/mocha-5.1.1.tgz"
  dependencies:
    browser-stdout "1.3.1"
    commander "2.11.0"
    debug "3.1.0"
    diff "3.5.0"
    escape-string-regexp "1.0.5"
    glob "7.1.2"
    growl "1.10.3"
    he "1.1.1"
    minimatch "3.0.4"
    mkdirp "0.5.1"
    supports-color "4.4.0"

ms@2.0.0:
  version "2.0.0"
  resolved "https://registry.npmjs.org/ms/-/ms-2.0.0.tgz"

negotiator@0.6.1:
  version "0.6.1"
  resolved "https://registry.npmjs.org/negotiator/-/negotiator-0.6.1.tgz"

node-dev@3.1.3:
  version "3.1.3"
  resolved "https://registry.npmjs.org/node-dev/-/node-dev-3.1.3.tgz"
  dependencies:
    dateformat "~1.0.4-1.2.3"
    dynamic-dedupe "^0.2.0"
    filewatcher "~3.0.0"
    minimist "^1.1.3"
    node-notifier "^4.0.2"
    resolve "^1.0.0"

node-emoji@^1.4.1:
  version "1.8.1"
  resolved "https://registry.npmjs.org/node-emoji/-/node-emoji-1.8.1.tgz"
  dependencies:
    lodash.toarray "^4.4.0"

node-notifier@^4.0.2:
  version "4.6.1"
  resolved "https://registry.npmjs.org/node-notifier/-/node-notifier-4.6.1.tgz"
  dependencies:
    cli-usage "^0.1.1"
    growly "^1.2.0"
    lodash.clonedeep "^3.0.0"
    minimist "^1.1.1"
    semver "^5.1.0"
    shellwords "^0.1.0"
    which "^1.0.5"

normalize-package-data@^2.3.2, normalize-package-data@^2.3.4:
  version "2.4.0"
  resolved "https://registry.npmjs.org/normalize-package-data/-/normalize-package-data-2.4.0.tgz"
  dependencies:
    hosted-git-info "^2.1.4"
    is-builtin-module "^1.0.0"
    semver "2 || 3 || 4 || 5"
    validate-npm-package-license "^3.0.1"

number-is-nan@^1.0.0:
  version "1.0.1"
  resolved "https://registry.npmjs.org/number-is-nan/-/number-is-nan-1.0.1.tgz"

object-assign@^4.0.1:
  version "4.1.1"
  resolved "https://registry.npmjs.org/object-assign/-/object-assign-4.1.1.tgz"

object-keys@~0.2.0:
  version "0.2.0"
  resolved "https://registry.npmjs.org/object-keys/-/object-keys-0.2.0.tgz"
  dependencies:
    foreach "~2.0.1"
    indexof "~0.0.1"
    is "~0.2.6"

on-finished@^2.1.0:
  version "2.3.0"
  resolved "https://registry.npmjs.org/on-finished/-/on-finished-2.3.0.tgz"
  dependencies:
    ee-first "1.1.1"

once@^1.3.0, once@^1.3.1, once@^1.4.0:
  version "1.4.0"
  resolved "https://registry.npmjs.org/once/-/once-1.4.0.tgz"
  dependencies:
    wrappy "1"

only@0.0.2:
  version "0.0.2"
  resolved "https://registry.npmjs.org/only/-/only-0.0.2.tgz"

optimist@0.6.1:
  version "0.6.1"
  resolved "https://registry.npmjs.org/optimist/-/optimist-0.6.1.tgz"
  dependencies:
    minimist "~0.0.1"
    wordwrap "~0.0.2"

parse-json@^2.2.0:
  version "2.2.0"
  resolved "https://registry.npmjs.org/parse-json/-/parse-json-2.2.0.tgz"
  dependencies:
    error-ex "^1.2.0"

parseurl@^1.3.0:
  version "1.3.2"
  resolved "https://registry.npmjs.org/parseurl/-/parseurl-1.3.2.tgz"

path-exists@^2.0.0:
  version "2.1.0"
  resolved "https://registry.npmjs.org/path-exists/-/path-exists-2.1.0.tgz"
  dependencies:
    pinkie-promise "^2.0.0"

path-is-absolute@^1.0.0:
  version "1.0.1"
  resolved "https://registry.npmjs.org/path-is-absolute/-/path-is-absolute-1.0.1.tgz"

path-parse@^1.0.5:
  version "1.0.5"
  resolved "https://registry.npmjs.org/path-parse/-/path-parse-1.0.5.tgz"

path-to-regexp@^1.1.1:
  version "1.7.0"
  resolved "https://registry.npmjs.org/path-to-regexp/-/path-to-regexp-1.7.0.tgz"
  dependencies:
    isarray "0.0.1"

path-type@^1.0.0:
  version "1.1.0"
  resolved "https://registry.npmjs.org/path-type/-/path-type-1.1.0.tgz"
  dependencies:
    graceful-fs "^4.1.2"
    pify "^2.0.0"
    pinkie-promise "^2.0.0"

pify@^2.0.0:
  version "2.3.0"
  resolved "https://registry.npmjs.org/pify/-/pify-2.3.0.tgz"

pinkie-promise@^2.0.0:
  version "2.0.1"
  resolved "https://registry.npmjs.org/pinkie-promise/-/pinkie-promise-2.0.1.tgz"
  dependencies:
    pinkie "^2.0.0"

pinkie@^2.0.0:
  version "2.0.4"
  resolved "https://registry.npmjs.org/pinkie/-/pinkie-2.0.4.tgz"

process-nextick-args@~2.0.0:
  version "2.0.0"
  resolved "https://registry.npmjs.org/process-nextick-args/-/process-nextick-args-2.0.0.tgz"

pump@3.0.0:
  version "3.0.0"
  resolved "https://registry.npmjs.org/pump/-/pump-3.0.0.tgz"
  dependencies:
    end-of-stream "^1.1.0"
    once "^1.3.1"

punycode@^1.4.1:
  version "1.4.1"
  resolved "https://registry.npmjs.org/punycode/-/punycode-1.4.1.tgz"

qs@^6.5.1:
  version "6.5.2"
  resolved "https://registry.npmjs.org/qs/-/qs-6.5.2.tgz"

read-pkg-up@^1.0.1:
  version "1.0.1"
  resolved "https://registry.npmjs.org/read-pkg-up/-/read-pkg-up-1.0.1.tgz"
  dependencies:
    find-up "^1.0.0"
    read-pkg "^1.0.0"

read-pkg@^1.0.0:
  version "1.1.0"
  resolved "https://registry.npmjs.org/read-pkg/-/read-pkg-1.1.0.tgz"
  dependencies:
    load-json-file "^1.0.0"
    normalize-package-data "^2.3.2"
    path-type "^1.0.0"

readable-stream@^2.0.5:
  version "2.3.6"
  resolved "https://registry.npmjs.org/readable-stream/-/readable-stream-2.3.6.tgz"
  dependencies:
    core-util-is "~1.0.0"
    inherits "~2.0.3"
    isarray "~1.0.0"
    process-nextick-args "~2.0.0"
    safe-buffer "~5.1.1"
    string_decoder "~1.1.1"
    util-deprecate "~1.0.1"

redent@^1.0.0:
  version "1.0.0"
  resolved "https://registry.npmjs.org/redent/-/redent-1.0.0.tgz"
  dependencies:
    indent-string "^2.1.0"
    strip-indent "^1.0.1"

redeyed@~1.0.0:
  version "1.0.1"
  resolved "https://registry.npmjs.org/redeyed/-/redeyed-1.0.1.tgz"
  dependencies:
    esprima "~3.0.0"

repeating@^2.0.0:
  version "2.0.1"
  resolved "https://registry.npmjs.org/repeating/-/repeating-2.0.1.tgz"
  dependencies:
    is-finite "^1.0.0"

resolve@^1.0.0:
  version "1.7.1"
  resolved "https://registry.npmjs.org/resolve/-/resolve-1.7.1.tgz"
  dependencies:
    path-parse "^1.0.5"

safe-buffer@~5.1.0, safe-buffer@~5.1.1:
  version "5.1.2"
  resolved "https://registry.npmjs.org/safe-buffer/-/safe-buffer-5.1.2.tgz"

"semver@2 || 3 || 4 || 5", semver@^5.1.0:
  version "5.5.0"
  resolved "https://registry.npmjs.org/semver/-/semver-5.5.0.tgz"

setprototypeof@1.1.0:
  version "1.1.0"
  resolved "https://registry.npmjs.org/setprototypeof/-/setprototypeof-1.1.0.tgz"

shellwords@^0.1.0:
  version "0.1.1"
  resolved "https://registry.npmjs.org/shellwords/-/shellwords-0.1.1.tgz"

signal-exit@^3.0.0:
  version "3.0.2"
  resolved "https://registry.npmjs.org/signal-exit/-/signal-exit-3.0.2.tgz"

spdx-correct@^3.0.0:
  version "3.0.0"
  resolved "https://registry.npmjs.org/spdx-correct/-/spdx-correct-3.0.0.tgz"
  dependencies:
    spdx-expression-parse "^3.0.0"
    spdx-license-ids "^3.0.0"

spdx-exceptions@^2.1.0:
  version "2.1.0"
  resolved "https://registry.npmjs.org/spdx-exceptions/-/spdx-exceptions-2.1.0.tgz"

spdx-expression-parse@^3.0.0:
  version "3.0.0"
  resolved "https://registry.npmjs.org/spdx-expression-parse/-/spdx-expression-parse-3.0.0.tgz"
  dependencies:
    spdx-exceptions "^2.1.0"
    spdx-license-ids "^3.0.0"

spdx-license-ids@^3.0.0:
  version "3.0.0"
  resolved "https://registry.npmjs.org/spdx-license-ids/-/spdx-license-ids-3.0.0.tgz"

stackframe@^0.3.1:
  version "0.3.1"
  resolved "https://registry.npmjs.org/stackframe/-/stackframe-0.3.1.tgz"

"statuses@>= 1.4.0 < 2", statuses@^1.2.0:
  version "1.5.0"
  resolved "https://registry.npmjs.org/statuses/-/statuses-1.5.0.tgz"

string_decoder@~1.1.1:
  version "1.1.1"
  resolved "https://registry.npmjs.org/string_decoder/-/string_decoder-1.1.1.tgz"
  dependencies:
    safe-buffer "~5.1.0"

strip-ansi@^3.0.0:
  version "3.0.1"
  resolved "https://registry.npmjs.org/strip-ansi/-/strip-ansi-3.0.1.tgz"
  dependencies:
    ansi-regex "^2.0.0"

strip-bom@^2.0.0:
  version "2.0.0"
  resolved "https://registry.npmjs.org/strip-bom/-/strip-bom-2.0.0.tgz"
  dependencies:
    is-utf8 "^0.2.0"

strip-indent@^1.0.1:
  version "1.0.1"
  resolved "https://registry.npmjs.org/strip-indent/-/strip-indent-1.0.1.tgz"
  dependencies:
    get-stdin "^4.0.1"

superagent@3.8.2:
  version "3.8.2"
  resolved "https://registry.npmjs.org/superagent/-/superagent-3.8.2.tgz"
  dependencies:
    component-emitter "^1.2.0"
    cookiejar "^2.1.0"
    debug "^3.1.0"
    extend "^3.0.0"
    form-data "^2.3.1"
    formidable "^1.1.1"
    methods "^1.1.1"
    mime "^1.4.1"
    qs "^6.5.1"
    readable-stream "^2.0.5"

supertest@3.1.0:
  version "3.1.0"
  resolved "https://registry.npmjs.org/supertest/-/supertest-3.1.0.tgz"
  dependencies:
    methods "~1.1.2"
    superagent "3.8.2"

supports-color@4.4.0:
  version "4.4.0"
  resolved "https://registry.npmjs.org/supports-color/-/supports-color-4.4.0.tgz"
  dependencies:
    has-flag "^2.0.0"

supports-color@^2.0.0:
  version "2.0.0"
  resolved "https://registry.npmjs.org/supports-color/-/supports-color-2.0.0.tgz"

tldjs@2.3.1:
  version "2.3.1"
  resolved "https://registry.npmjs.org/tldjs/-/tldjs-2.3.1.tgz"
  dependencies:
    punycode "^1.4.1"

trim-newlines@^1.0.0:
  version "1.0.0"
  resolved "https://registry.npmjs.org/trim-newlines/-/trim-newlines-1.0.0.tgz"

type-is@^1.5.5:
  version "1.6.16"
  resolved "https://registry.npmjs.org/type-is/-/type-is-1.6.16.tgz"
  dependencies:
    media-typer "0.3.0"
    mime-types "~2.1.18"

urijs@^1.19.0:
  version "1.19.1"
  resolved "https://registry.npmjs.org/urijs/-/urijs-1.19.1.tgz"

util-deprecate@~1.0.1:
  version "1.0.2"
  resolved "https://registry.npmjs.org/util-deprecate/-/util-deprecate-1.0.2.tgz"

validate-npm-package-license@^3.0.1:
  version "3.0.3"
  resolved "https://registry.npmjs.org/validate-npm-package-license/-/validate-npm-package-license-3.0.3.tgz"
  dependencies:
    spdx-correct "^3.0.0"
    spdx-expression-parse "^3.0.0"

vary@^1.0.0:
  version "1.1.2"
  resolved "https://registry.npmjs.org/vary/-/vary-1.1.2.tgz"

which@^1.0.5:
  version "1.3.0"
  resolved "https://registry.npmjs.org/which/-/which-1.3.0.tgz"
  dependencies:
    isexe "^2.0.0"

wordwrap@~0.0.2:
  version "0.0.3"
  resolved "https://registry.npmjs.org/wordwrap/-/wordwrap-0.0.3.tgz"

wrappy@1:
  version "1.0.2"
  resolved "https://registry.npmjs.org/wrappy/-/wrappy-1.0.2.tgz"

ws@5.1.1:
  version "5.1.1"
  resolved "https://registry.npmjs.org/ws/-/ws-5.1.1.tgz"
  dependencies:
    async-limiter "~1.0.0"

xtend@~2.0.6:
  version "2.0.6"
  resolved "https://registry.npmjs.org/xtend/-/xtend-2.0.6.tgz"
  dependencies:
    is-object "~0.1.2"
    object-keys "~0.2.0"
